
Microsoft Visual Studio Solution File, Format Version 12.00
# Visual Studio Version 17
VisualStudioVersion = 17.8.34525.116
MinimumVisualStudioVersion = 10.0.40219.1
Project("{FAE04EC0-301F-11D3-BF4B-00C04F79EFBC}") = "2324_2Y_Integ1_2A_DispatcherTimer", "2324_2Y_Integ1_2A_DispatcherTimer\2324_2Y_Integ1_2A_DispatcherTimer.csproj", "{1C33B9B4-A99C-4791-A44B-97F539B8C711}"
EndProject
Global
	GlobalSection(SolutionConfigurationPlatforms) = preSolution
		Debug|Any CPU = Debug|Any CPU
		Release|Any CPU = Release|Any CPU
	EndGlobalSection
	GlobalSection(ProjectConfigurationPlatforms) = postSolution
		{1C33B9B4-A99C-4791-A44B-97F539B8C711}.Debug|Any CPU.ActiveCfg = Debug|Any CPU
		{1C33B9B4-A99C-4791-A44B-97F539B8C711}.Debug|Any CPU.Build.0 = Debug|Any CPU
		{1C33B9B4-A99C-4791-A44B-97F539B8C711}.Release|Any CPU.ActiveCfg = Release|Any CPU
		{1C33B9B4-A99C-4791-A44B-97F539B8C711}.Release|Any CPU.Build.0 = Release|Any CPU
	EndGlobalSection
	GlobalSection(SolutionProperties) = preSolution
		HideSolutionNode = FALSE
	EndGlobalSection
	GlobalSection(ExtensibilityGlobals) = postSolution
		SolutionGuid = {47309C1A-A592-4E93-8B82-8C09C74F27AA}
	EndGlobalSection
EndGlobal
